
Microsoft Visual Studio Solution File, Format Version 12.00
# Visual Studio Version 17
VisualStudioVersion = 17.4.33213.308
MinimumVisualStudioVersion = 10.0.40219.1
Project("{FAE04EC0-301F-11D3-BF4B-00C04F79EFBC}") = "Cinema_API", "Cinema_API\Cinema_API.csproj", "{567B1B89-97BE-401C-BE77-814D7CCC4DCD}"
EndProject
Global
	GlobalSection(SolutionConfigurationPlatforms) = preSolution
		Debug|Any CPU = Debug|Any CPU
		Release|Any CPU = Release|Any CPU
	EndGlobalSection
	GlobalSection(ProjectConfigurationPlatforms) = postSolution
		{567B1B89-97BE-401C-BE77-814D7CCC4DCD}.Debug|Any CPU.ActiveCfg = Debug|Any CPU
		{567B1B89-97BE-401C-BE77-814D7CCC4DCD}.Debug|Any CPU.Build.0 = Debug|Any CPU
		{567B1B89-97BE-401C-BE77-814D7CCC4DCD}.Release|Any CPU.ActiveCfg = Release|Any CPU
		{567B1B89-97BE-401C-BE77-814D7CCC4DCD}.Release|Any CPU.Build.0 = Release|Any CPU
	EndGlobalSection
	GlobalSection(SolutionProperties) = preSolution
		HideSolutionNode = FALSE
	EndGlobalSection
	GlobalSection(ExtensibilityGlobals) = postSolution
		SolutionGuid = {335D3659-B7F6-4D72-9EBF-BCFC1A6C3CE8}
	EndGlobalSection
EndGlobal
